// !$*UTF8*$!
{
	archiveVersion = 1;
	classes = {
	};
	objectVersion = 50;
	objects = {

/* Begin PBXBuildFile section */
		EA3EA97422D00E7B000B9131 /* Common_Models.framework in Frameworks */ = {isa = PBXBuildFile; fileRef = EA3EA95C22D00E0F000B9131 /* Common_Models.framework */; };
		EA3EA97B22D24B14000B9131 /* NotificationCenter.framework in Frameworks */ = {isa = PBXBuildFile; fileRef = EA59EF9122C994130082C14D /* NotificationCenter.framework */; };
		EA3EA97E22D24B14000B9131 /* TodayViewController.swift in Sources */ = {isa = PBXBuildFile; fileRef = EA3EA97D22D24B14000B9131 /* TodayViewController.swift */; };
		EA3EA98122D24B14000B9131 /* MainInterface.storyboard in Resources */ = {isa = PBXBuildFile; fileRef = EA3EA97F22D24B14000B9131 /* MainInterface.storyboard */; };
		EA3EA98522D24B14000B9131 /* TransitTipsToday.appex in Embed App Extensions */ = {isa = PBXBuildFile; fileRef = EA3EA97A22D24B14000B9131 /* TransitTipsToday.appex */; settings = {ATTRIBUTES = (RemoveHeadersOnCopy, ); }; };
		EA59EFD022C99F2F0082C14D /* Common.framework in Frameworks */ = {isa = PBXBuildFile; fileRef = EA59EFCD22C99D7C0082C14D /* Common.framework */; settings = {ATTRIBUTES = (Required, ); }; };
		EADB479F22B56E6700907F8F /* AppDelegate.swift in Sources */ = {isa = PBXBuildFile; fileRef = EADB479E22B56E6700907F8F /* AppDelegate.swift */; };
		EADB47A122B56E6700907F8F /* ViewController.swift in Sources */ = {isa = PBXBuildFile; fileRef = EADB47A022B56E6700907F8F /* ViewController.swift */; };
		EADB47A422B56E6700907F8F /* Main.storyboard in Resources */ = {isa = PBXBuildFile; fileRef = EADB47A222B56E6700907F8F /* Main.storyboard */; };
		EADB47A622B56E6900907F8F /* Assets.xcassets in Resources */ = {isa = PBXBuildFile; fileRef = EADB47A522B56E6900907F8F /* Assets.xcassets */; };
		EADB47A922B56E6900907F8F /* LaunchScreen.storyboard in Resources */ = {isa = PBXBuildFile; fileRef = EADB47A722B56E6900907F8F /* LaunchScreen.storyboard */; };
		EADB47B422B56E6900907F8F /* TransitTipsTests.swift in Sources */ = {isa = PBXBuildFile; fileRef = EADB47B322B56E6900907F8F /* TransitTipsTests.swift */; };
		EAF46F9722DBDB8800EE0EE5 /* Common_Models.framework in Frameworks */ = {isa = PBXBuildFile; fileRef = EA3EA95C22D00E0F000B9131 /* Common_Models.framework */; };
		EAF46F9822DBDB8800EE0EE5 /* Common.framework in Frameworks */ = {isa = PBXBuildFile; fileRef = EA59EFCD22C99D7C0082C14D /* Common.framework */; };
/* End PBXBuildFile section */

/* Begin PBXContainerItemProxy section */
		EA3EA95B22D00E0F000B9131 /* PBXContainerItemProxy */ = {
			isa = PBXContainerItemProxy;
			containerPortal = EA3EA95622D00E0E000B9131 /* Common.Models.xcodeproj */;
			proxyType = 2;
			remoteGlobalIDString = EA3EA93C22D00E0E000B9131;
			remoteInfo = Common.Models;
		};
		EA3EA95D22D00E0F000B9131 /* PBXContainerItemProxy */ = {
			isa = PBXContainerItemProxy;
			containerPortal = EA3EA95622D00E0E000B9131 /* Common.Models.xcodeproj */;
			proxyType = 2;
			remoteGlobalIDString = EA3EA94522D00E0E000B9131;
			remoteInfo = Common.ModelsTests;
		};
		EA3EA98322D24B14000B9131 /* PBXContainerItemProxy */ = {
			isa = PBXContainerItemProxy;
			containerPortal = EADB479322B56E6700907F8F /* Project object */;
			proxyType = 1;
			remoteGlobalIDString = EA3EA97922D24B14000B9131;
			remoteInfo = TransitTipsToday;
		};
		EA59EFCC22C99D7C0082C14D /* PBXContainerItemProxy */ = {
			isa = PBXContainerItemProxy;
			containerPortal = EA59EFC722C99D7B0082C14D /* Common.xcodeproj */;
			proxyType = 2;
			remoteGlobalIDString = EA59EFAD22C99D7B0082C14D;
			remoteInfo = Common;
		};
		EA59EFCE22C99D7C0082C14D /* PBXContainerItemProxy */ = {
			isa = PBXContainerItemProxy;
			containerPortal = EA59EFC722C99D7B0082C14D /* Common.xcodeproj */;
			proxyType = 2;
			remoteGlobalIDString = EA59EFB622C99D7B0082C14D;
			remoteInfo = CommonTests;
		};
		EADB47B022B56E6900907F8F /* PBXContainerItemProxy */ = {
			isa = PBXContainerItemProxy;
			containerPortal = EADB479322B56E6700907F8F /* Project object */;
			proxyType = 1;
			remoteGlobalIDString = EADB479A22B56E6700907F8F;
			remoteInfo = TransitTips;
		};
/* End PBXContainerItemProxy section */

/* Begin PBXCopyFilesBuildPhase section */
		EA59EFA022C994130082C14D /* Embed App Extensions */ = {
			isa = PBXCopyFilesBuildPhase;
			buildActionMask = 2147483647;
			dstPath = "";
			dstSubfolderSpec = 13;
			files = (
				EA3EA98522D24B14000B9131 /* TransitTipsToday.appex in Embed App Extensions */,
			);
			name = "Embed App Extensions";
			runOnlyForDeploymentPostprocessing = 0;
		};
/* End PBXCopyFilesBuildPhase section */

/* Begin PBXFileReference section */
		EA3EA95622D00E0E000B9131 /* Common.Models.xcodeproj */ = {isa = PBXFileReference; lastKnownFileType = "wrapper.pb-project"; name = Common.Models.xcodeproj; path = Common.Models/Common.Models.xcodeproj; sourceTree = "<group>"; };
		EA3EA97A22D24B14000B9131 /* TransitTipsToday.appex */ = {isa = PBXFileReference; explicitFileType = "wrapper.app-extension"; includeInIndex = 0; path = TransitTipsToday.appex; sourceTree = BUILT_PRODUCTS_DIR; };
		EA3EA97D22D24B14000B9131 /* TodayViewController.swift */ = {isa = PBXFileReference; lastKnownFileType = sourcecode.swift; path = TodayViewController.swift; sourceTree = "<group>"; };
		EA3EA98022D24B14000B9131 /* Base */ = {isa = PBXFileReference; lastKnownFileType = file.storyboard; name = Base; path = Base.lproj/MainInterface.storyboard; sourceTree = "<group>"; };
		EA3EA98222D24B14000B9131 /* Info.plist */ = {isa = PBXFileReference; lastKnownFileType = text.plist.xml; path = Info.plist; sourceTree = "<group>"; };
		EA44F1A722E69C6D001CDDE4 /* TransitTips.entitlements */ = {isa = PBXFileReference; lastKnownFileType = text.plist.entitlements; path = TransitTips.entitlements; sourceTree = "<group>"; };
		EA44F1A822E69C86001CDDE4 /* TransitTipsToday.entitlements */ = {isa = PBXFileReference; lastKnownFileType = text.plist.entitlements; path = TransitTipsToday.entitlements; sourceTree = "<group>"; };
		EA59EF9122C994130082C14D /* NotificationCenter.framework */ = {isa = PBXFileReference; lastKnownFileType = wrapper.framework; name = NotificationCenter.framework; path = System/Library/Frameworks/NotificationCenter.framework; sourceTree = SDKROOT; };
		EA59EFC722C99D7B0082C14D /* Common.xcodeproj */ = {isa = PBXFileReference; lastKnownFileType = "wrapper.pb-project"; name = Common.xcodeproj; path = Common/Common.xcodeproj; sourceTree = "<group>"; };
		EADB479B22B56E6700907F8F /* TransitTips.app */ = {isa = PBXFileReference; explicitFileType = wrapper.application; includeInIndex = 0; path = TransitTips.app; sourceTree = BUILT_PRODUCTS_DIR; };
		EADB479E22B56E6700907F8F /* AppDelegate.swift */ = {isa = PBXFileReference; lastKnownFileType = sourcecode.swift; path = AppDelegate.swift; sourceTree = "<group>"; };
		EADB47A022B56E6700907F8F /* ViewController.swift */ = {isa = PBXFileReference; lastKnownFileType = sourcecode.swift; path = ViewController.swift; sourceTree = "<group>"; };
		EADB47A322B56E6700907F8F /* Base */ = {isa = PBXFileReference; lastKnownFileType = file.storyboard; name = Base; path = Base.lproj/Main.storyboard; sourceTree = "<group>"; };
		EADB47A522B56E6900907F8F /* Assets.xcassets */ = {isa = PBXFileReference; lastKnownFileType = folder.assetcatalog; path = Assets.xcassets; sourceTree = "<group>"; };
		EADB47A822B56E6900907F8F /* Base */ = {isa = PBXFileReference; lastKnownFileType = file.storyboard; name = Base; path = Base.lproj/LaunchScreen.storyboard; sourceTree = "<group>"; };
		EADB47AA22B56E6900907F8F /* Info.plist */ = {isa = PBXFileReference; lastKnownFileType = text.plist.xml; path = Info.plist; sourceTree = "<group>"; };
		EADB47AF22B56E6900907F8F /* TransitTipsTests.xctest */ = {isa = PBXFileReference; explicitFileType = wrapper.cfbundle; includeInIndex = 0; path = TransitTipsTests.xctest; sourceTree = BUILT_PRODUCTS_DIR; };
		EADB47B322B56E6900907F8F /* TransitTipsTests.swift */ = {isa = PBXFileReference; lastKnownFileType = sourcecode.swift; path = TransitTipsTests.swift; sourceTree = "<group>"; };
		EADB47B522B56E6900907F8F /* Info.plist */ = {isa = PBXFileReference; lastKnownFileType = text.plist.xml; path = Info.plist; sourceTree = "<group>"; };
/* End PBXFileReference section */

/* Begin PBXFrameworksBuildPhase section */
		EA3EA97722D24B14000B9131 /* Frameworks */ = {
			isa = PBXFrameworksBuildPhase;
			buildActionMask = 2147483647;
			files = (
				EAF46F9722DBDB8800EE0EE5 /* Common_Models.framework in Frameworks */,
				EAF46F9822DBDB8800EE0EE5 /* Common.framework in Frameworks */,
				EA3EA97B22D24B14000B9131 /* NotificationCenter.framework in Frameworks */,
			);
			runOnlyForDeploymentPostprocessing = 0;
		};
		EADB479822B56E6700907F8F /* Frameworks */ = {
			isa = PBXFrameworksBuildPhase;
			buildActionMask = 2147483647;
			files = (
				EA3EA97422D00E7B000B9131 /* Common_Models.framework in Frameworks */,
				EA59EFD022C99F2F0082C14D /* Common.framework in Frameworks */,
			);
			runOnlyForDeploymentPostprocessing = 0;
		};
		EADB47AC22B56E6900907F8F /* Frameworks */ = {
			isa = PBXFrameworksBuildPhase;
			buildActionMask = 2147483647;
			files = (
			);
			runOnlyForDeploymentPostprocessing = 0;
		};
/* End PBXFrameworksBuildPhase section */

/* Begin PBXGroup section */
		EA3EA95722D00E0E000B9131 /* Products */ = {
			isa = PBXGroup;
			children = (
				EA3EA95C22D00E0F000B9131 /* Common_Models.framework */,
				EA3EA95E22D00E0F000B9131 /* Common.ModelsTests.xctest */,
			);
			name = Products;
			sourceTree = "<group>";
		};
		EA3EA97C22D24B14000B9131 /* TransitTipsToday */ = {
			isa = PBXGroup;
			children = (
				EA44F1A822E69C86001CDDE4 /* TransitTipsToday.entitlements */,
				EA3EA97D22D24B14000B9131 /* TodayViewController.swift */,
				EA3EA97F22D24B14000B9131 /* MainInterface.storyboard */,
				EA3EA98222D24B14000B9131 /* Info.plist */,
			);
			path = TransitTipsToday;
			sourceTree = "<group>";
		};
		EA59EF9022C994120082C14D /* Frameworks */ = {
			isa = PBXGroup;
			children = (
				EA59EF9122C994130082C14D /* NotificationCenter.framework */,
			);
			name = Frameworks;
			sourceTree = "<group>";
		};
		EA59EFC822C99D7B0082C14D /* Products */ = {
			isa = PBXGroup;
			children = (
				EA59EFCD22C99D7C0082C14D /* Common.framework */,
				EA59EFCF22C99D7C0082C14D /* CommonTests.xctest */,
			);
			name = Products;
			sourceTree = "<group>";
		};
		EADB479222B56E6700907F8F = {
			isa = PBXGroup;
			children = (
				EA3EA95622D00E0E000B9131 /* Common.Models.xcodeproj */,
				EA59EFC722C99D7B0082C14D /* Common.xcodeproj */,
				EADB479D22B56E6700907F8F /* TransitTips */,
				EADB47B222B56E6900907F8F /* TransitTipsTests */,
				EA3EA97C22D24B14000B9131 /* TransitTipsToday */,
				EA59EF9022C994120082C14D /* Frameworks */,
				EADB479C22B56E6700907F8F /* Products */,
			);
			sourceTree = "<group>";
		};
		EADB479C22B56E6700907F8F /* Products */ = {
			isa = PBXGroup;
			children = (
				EADB479B22B56E6700907F8F /* TransitTips.app */,
				EADB47AF22B56E6900907F8F /* TransitTipsTests.xctest */,
				EA3EA97A22D24B14000B9131 /* TransitTipsToday.appex */,
			);
			name = Products;
			sourceTree = "<group>";
		};
		EADB479D22B56E6700907F8F /* TransitTips */ = {
			isa = PBXGroup;
			children = (
				EA44F1A722E69C6D001CDDE4 /* TransitTips.entitlements */,
				EADB479E22B56E6700907F8F /* AppDelegate.swift */,
				EADB47A522B56E6900907F8F /* Assets.xcassets */,
				EADB47AA22B56E6900907F8F /* Info.plist */,
				EADB47A722B56E6900907F8F /* LaunchScreen.storyboard */,
				EADB47A222B56E6700907F8F /* Main.storyboard */,
				EADB47A022B56E6700907F8F /* ViewController.swift */,
			);
			path = TransitTips;
			sourceTree = "<group>";
		};
		EADB47B222B56E6900907F8F /* TransitTipsTests */ = {
			isa = PBXGroup;
			children = (
				EADB47B322B56E6900907F8F /* TransitTipsTests.swift */,
				EADB47B522B56E6900907F8F /* Info.plist */,
			);
			path = TransitTipsTests;
			sourceTree = "<group>";
		};
/* End PBXGroup section */

/* Begin PBXNativeTarget section */
		EA3EA97922D24B14000B9131 /* TransitTipsToday */ = {
			isa = PBXNativeTarget;
			buildConfigurationList = EA3EA98622D24B14000B9131 /* Build configuration list for PBXNativeTarget "TransitTipsToday" */;
			buildPhases = (
				EA3EA97622D24B14000B9131 /* Sources */,
				EA3EA97722D24B14000B9131 /* Frameworks */,
				EA3EA97822D24B14000B9131 /* Resources */,
			);
			buildRules = (
			);
			dependencies = (
			);
			name = TransitTipsToday;
			productName = TransitTipsToday;
			productReference = EA3EA97A22D24B14000B9131 /* TransitTipsToday.appex */;
			productType = "com.apple.product-type.app-extension";
		};
		EADB479A22B56E6700907F8F /* TransitTips */ = {
			isa = PBXNativeTarget;
			buildConfigurationList = EADB47B822B56E6900907F8F /* Build configuration list for PBXNativeTarget "TransitTips" */;
			buildPhases = (
				EADB479722B56E6700907F8F /* Sources */,
				EADB479822B56E6700907F8F /* Frameworks */,
				EADB479922B56E6700907F8F /* Resources */,
				EA59EFA022C994130082C14D /* Embed App Extensions */,
			);
			buildRules = (
			);
			dependencies = (
				EA3EA98422D24B14000B9131 /* PBXTargetDependency */,
			);
			name = TransitTips;
			productName = TransitTips;
			productReference = EADB479B22B56E6700907F8F /* TransitTips.app */;
			productType = "com.apple.product-type.application";
		};
		EADB47AE22B56E6900907F8F /* TransitTipsTests */ = {
			isa = PBXNativeTarget;
			buildConfigurationList = EADB47BB22B56E6900907F8F /* Build configuration list for PBXNativeTarget "TransitTipsTests" */;
			buildPhases = (
				EADB47AB22B56E6900907F8F /* Sources */,
				EADB47AC22B56E6900907F8F /* Frameworks */,
				EADB47AD22B56E6900907F8F /* Resources */,
			);
			buildRules = (
			);
			dependencies = (
				EADB47B122B56E6900907F8F /* PBXTargetDependency */,
			);
			name = TransitTipsTests;
			productName = TransitTipsTests;
			productReference = EADB47AF22B56E6900907F8F /* TransitTipsTests.xctest */;
			productType = "com.apple.product-type.bundle.unit-test";
		};
/* End PBXNativeTarget section */

/* Begin PBXProject section */
		EADB479322B56E6700907F8F /* Project object */ = {
			isa = PBXProject;
			attributes = {
				LastSwiftUpdateCheck = 1020;
				LastUpgradeCheck = 1020;
				ORGANIZATIONNAME = "Dan Jakob Ofer";
				TargetAttributes = {
					EA3EA97922D24B14000B9131 = {
						CreatedOnToolsVersion = 10.2.1;
						SystemCapabilities = {
							com.apple.ApplicationGroups.iOS = {
								enabled = 1;
							};
						};
					};
					EADB479A22B56E6700907F8F = {
						CreatedOnToolsVersion = 10.2.1;
						SystemCapabilities = {
							com.apple.ApplicationGroups.iOS = {
								enabled = 1;
							};
						};
					};
					EADB47AE22B56E6900907F8F = {
						CreatedOnToolsVersion = 10.2.1;
						TestTargetID = EADB479A22B56E6700907F8F;
					};
				};
			};
			buildConfigurationList = EADB479622B56E6700907F8F /* Build configuration list for PBXProject "TransitTips" */;
			compatibilityVersion = "Xcode 9.3";
			developmentRegion = en;
			hasScannedForEncodings = 0;
			knownRegions = (
				en,
				Base,
			);
			mainGroup = EADB479222B56E6700907F8F;
			productRefGroup = EADB479C22B56E6700907F8F /* Products */;
			projectDirPath = "";
			projectReferences = (
				{
					ProductGroup = EA3EA95722D00E0E000B9131 /* Products */;
					ProjectRef = EA3EA95622D00E0E000B9131 /* Common.Models.xcodeproj */;
				},
				{
					ProductGroup = EA59EFC822C99D7B0082C14D /* Products */;
					ProjectRef = EA59EFC722C99D7B0082C14D /* Common.xcodeproj */;
				},
			);
			projectRoot = "";
			targets = (
				EADB479A22B56E6700907F8F /* TransitTips */,
				EADB47AE22B56E6900907F8F /* TransitTipsTests */,
				EA3EA97922D24B14000B9131 /* TransitTipsToday */,
			);
		};
/* End PBXProject section */

/* Begin PBXReferenceProxy section */
		EA3EA95C22D00E0F000B9131 /* Common_Models.framework */ = {
			isa = PBXReferenceProxy;
			fileType = wrapper.framework;
			path = Common_Models.framework;
			remoteRef = EA3EA95B22D00E0F000B9131 /* PBXContainerItemProxy */;
			sourceTree = BUILT_PRODUCTS_DIR;
		};
		EA3EA95E22D00E0F000B9131 /* Common.ModelsTests.xctest */ = {
			isa = PBXReferenceProxy;
			fileType = wrapper.cfbundle;
			path = Common.ModelsTests.xctest;
			remoteRef = EA3EA95D22D00E0F000B9131 /* PBXContainerItemProxy */;
			sourceTree = BUILT_PRODUCTS_DIR;
		};
		EA59EFCD22C99D7C0082C14D /* Common.framework */ = {
			isa = PBXReferenceProxy;
			fileType = wrapper.framework;
			path = Common.framework;
			remoteRef = EA59EFCC22C99D7C0082C14D /* PBXContainerItemProxy */;
			sourceTree = BUILT_PRODUCTS_DIR;
		};
		EA59EFCF22C99D7C0082C14D /* CommonTests.xctest */ = {
			isa = PBXReferenceProxy;
			fileType = wrapper.cfbundle;
			path = CommonTests.xctest;
			remoteRef = EA59EFCE22C99D7C0082C14D /* PBXContainerItemProxy */;
			sourceTree = BUILT_PRODUCTS_DIR;
		};
/* End PBXReferenceProxy section */

/* Begin PBXResourcesBuildPhase section */
		EA3EA97822D24B14000B9131 /* Resources */ = {
			isa = PBXResourcesBuildPhase;
			buildActionMask = 2147483647;
			files = (
				EA3EA98122D24B14000B9131 /* MainInterface.storyboard in Resources */,
			);
			runOnlyForDeploymentPostprocessing = 0;
		};
		EADB479922B56E6700907F8F /* Resources */ = {
			isa = PBXResourcesBuildPhase;
			buildActionMask = 2147483647;
			files = (
				EADB47A922B56E6900907F8F /* LaunchScreen.storyboard in Resources */,
				EADB47A622B56E6900907F8F /* Assets.xcassets in Resources */,
				EADB47A422B56E6700907F8F /* Main.storyboard in Resources */,
			);
			runOnlyForDeploymentPostprocessing = 0;
		};
		EADB47AD22B56E6900907F8F /* Resources */ = {
			isa = PBXResourcesBuildPhase;
			buildActionMask = 2147483647;
			files = (
			);
			runOnlyForDeploymentPostprocessing = 0;
		};
/* End PBXResourcesBuildPhase section */

/* Begin PBXSourcesBuildPhase section */
		EA3EA97622D24B14000B9131 /* Sources */ = {
			isa = PBXSourcesBuildPhase;
			buildActionMask = 2147483647;
			files = (
				EA3EA97E22D24B14000B9131 /* TodayViewController.swift in Sources */,
			);
			runOnlyForDeploymentPostprocessing = 0;
		};
		EADB479722B56E6700907F8F /* Sources */ = {
			isa = PBXSourcesBuildPhase;
			buildActionMask = 2147483647;
			files = (
				EADB47A122B56E6700907F8F /* ViewController.swift in Sources */,
				EADB479F22B56E6700907F8F /* AppDelegate.swift in Sources */,
			);
			runOnlyForDeploymentPostprocessing = 0;
		};
		EADB47AB22B56E6900907F8F /* Sources */ = {
			isa = PBXSourcesBuildPhase;
			buildActionMask = 2147483647;
			files = (
				EADB47B422B56E6900907F8F /* TransitTipsTests.swift in Sources */,
			);
			runOnlyForDeploymentPostprocessing = 0;
		};
/* End PBXSourcesBuildPhase section */

/* Begin PBXTargetDependency section */
		EA3EA98422D24B14000B9131 /* PBXTargetDependency */ = {
			isa = PBXTargetDependency;
			target = EA3EA97922D24B14000B9131 /* TransitTipsToday */;
			targetProxy = EA3EA98322D24B14000B9131 /* PBXContainerItemProxy */;
		};
		EADB47B122B56E6900907F8F /* PBXTargetDependency */ = {
			isa = PBXTargetDependency;
			target = EADB479A22B56E6700907F8F /* TransitTips */;
			targetProxy = EADB47B022B56E6900907F8F /* PBXContainerItemProxy */;
		};
/* End PBXTargetDependency section */

/* Begin PBXVariantGroup section */
		EA3EA97F22D24B14000B9131 /* MainInterface.storyboard */ = {
			isa = PBXVariantGroup;
			children = (
				EA3EA98022D24B14000B9131 /* Base */,
			);
			name = MainInterface.storyboard;
			sourceTree = "<group>";
		};
		EADB47A222B56E6700907F8F /* Main.storyboard */ = {
			isa = PBXVariantGroup;
			children = (
				EADB47A322B56E6700907F8F /* Base */,
			);
			name = Main.storyboard;
			sourceTree = "<group>";
		};
		EADB47A722B56E6900907F8F /* LaunchScreen.storyboard */ = {
			isa = PBXVariantGroup;
			children = (
				EADB47A822B56E6900907F8F /* Base */,
			);
			name = LaunchScreen.storyboard;
			sourceTree = "<group>";
		};
/* End PBXVariantGroup section */

/* Begin XCBuildConfiguration section */
		EA3EA98722D24B14000B9131 /* Debug */ = {
			isa = XCBuildConfiguration;
			buildSettings = {
				CODE_SIGN_ENTITLEMENTS = TransitTipsToday/TransitTipsToday.entitlements;
				CODE_SIGN_STYLE = Automatic;
				DEVELOPMENT_TEAM = 5C2RRQX4HS;
				INFOPLIST_FILE = TransitTipsToday/Info.plist;
				LD_RUNPATH_SEARCH_PATHS = (
					"$(inherited)",
					"@executable_path/Frameworks",
					"@executable_path/../../Frameworks",
				);
				PRODUCT_BUNDLE_IDENTIFIER = com.otium.TransitTips.TransitTipsToday;
				PRODUCT_NAME = "$(TARGET_NAME)";
				SKIP_INSTALL = YES;
				SWIFT_VERSION = 5.0;
				TARGETED_DEVICE_FAMILY = "1,2";
			};
			name = Debug;
		};
		EA3EA98822D24B14000B9131 /* Release */ = {
			isa = XCBuildConfiguration;
			buildSettings = {
				CODE_SIGN_ENTITLEMENTS = TransitTipsToday/TransitTipsToday.entitlements;
				CODE_SIGN_STYLE = Automatic;
				DEVELOPMENT_TEAM = 5C2RRQX4HS;
				INFOPLIST_FILE = TransitTipsToday/Info.plist;
				LD_RUNPATH_SEARCH_PATHS = (
					"$(inherited)",
					"@executable_path/Frameworks",
					"@executable_path/../../Frameworks",
				);
				PRODUCT_BUNDLE_IDENTIFIER = com.otium.TransitTips.TransitTipsToday;
				PRODUCT_NAME = "$(TARGET_NAME)";
				SKIP_INSTALL = YES;
				SWIFT_VERSION = 5.0;
				TARGETED_DEVICE_FAMILY = "1,2";
			};
			name = Release;
		};
		EADB47B622B56E6900907F8F /* Debug */ = {
			isa = XCBuildConfiguration;
			buildSettings = {
				ALWAYS_SEARCH_USER_PATHS = NO;
				CLANG_ANALYZER_NONNULL = YES;
				CLANG_ANALYZER_NUMBER_OBJECT_CONVERSION = YES_AGGRESSIVE;
				CLANG_CXX_LANGUAGE_STANDARD = "gnu++14";
				CLANG_CXX_LIBRARY = "libc++";
				CLANG_ENABLE_MODULES = YES;
				CLANG_ENABLE_OBJC_ARC = YES;
				CLANG_ENABLE_OBJC_WEAK = YES;
				CLANG_WARN_BLOCK_CAPTURE_AUTORELEASING = YES;
				CLANG_WARN_BOOL_CONVERSION = YES;
				CLANG_WARN_COMMA = YES;
				CLANG_WARN_CONSTANT_CONVERSION = YES;
				CLANG_WARN_DEPRECATED_OBJC_IMPLEMENTATIONS = YES;
				CLANG_WARN_DIRECT_OBJC_ISA_USAGE = YES_ERROR;
				CLANG_WARN_DOCUMENTATION_COMMENTS = YES;
				CLANG_WARN_EMPTY_BODY = YES;
				CLANG_WARN_ENUM_CONVERSION = YES;
				CLANG_WARN_INFINITE_RECURSION = YES;
				CLANG_WARN_INT_CONVERSION = YES;
				CLANG_WARN_NON_LITERAL_NULL_CONVERSION = YES;
				CLANG_WARN_OBJC_IMPLICIT_RETAIN_SELF = YES;
				CLANG_WARN_OBJC_LITERAL_CONVERSION = YES;
				CLANG_WARN_OBJC_ROOT_CLASS = YES_ERROR;
				CLANG_WARN_RANGE_LOOP_ANALYSIS = YES;
				CLANG_WARN_STRICT_PROTOTYPES = YES;
				CLANG_WARN_SUSPICIOUS_MOVE = YES;
				CLANG_WARN_UNGUARDED_AVAILABILITY = YES_AGGRESSIVE;
				CLANG_WARN_UNREACHABLE_CODE = YES;
				CLANG_WARN__DUPLICATE_METHOD_MATCH = YES;
				CODE_SIGN_IDENTITY = "iPhone Developer";
				COPY_PHASE_STRIP = NO;
				DEBUG_INFORMATION_FORMAT = dwarf;
				ENABLE_STRICT_OBJC_MSGSEND = YES;
				ENABLE_TESTABILITY = YES;
				GCC_C_LANGUAGE_STANDARD = gnu11;
				GCC_DYNAMIC_NO_PIC = NO;
				GCC_NO_COMMON_BLOCKS = YES;
				GCC_OPTIMIZATION_LEVEL = 0;
				GCC_PREPROCESSOR_DEFINITIONS = (
					"DEBUG=1",
					"$(inherited)",
				);
				GCC_WARN_64_TO_32_BIT_CONVERSION = YES;
				GCC_WARN_ABOUT_RETURN_TYPE = YES_ERROR;
				GCC_WARN_UNDECLARED_SELECTOR = YES;
				GCC_WARN_UNINITIALIZED_AUTOS = YES_AGGRESSIVE;
				GCC_WARN_UNUSED_FUNCTION = YES;
				GCC_WARN_UNUSED_VARIABLE = YES;
				IPHONEOS_DEPLOYMENT_TARGET = 12.2;
				MTL_ENABLE_DEBUG_INFO = INCLUDE_SOURCE;
				MTL_FAST_MATH = YES;
				ONLY_ACTIVE_ARCH = YES;
				SDKROOT = iphoneos;
				SWIFT_ACTIVE_COMPILATION_CONDITIONS = DEBUG;
				SWIFT_OPTIMIZATION_LEVEL = "-Onone";
			};
			name = Debug;
		};
		EADB47B722B56E6900907F8F /* Release */ = {
			isa = XCBuildConfiguration;
			buildSettings = {
				ALWAYS_SEARCH_USER_PATHS = NO;
				CLANG_ANALYZER_NONNULL = YES;
				CLANG_ANALYZER_NUMBER_OBJECT_CONVERSION = YES_AGGRESSIVE;
				CLANG_CXX_LANGUAGE_STANDARD = "gnu++14";
				CLANG_CXX_LIBRARY = "libc++";
				CLANG_ENABLE_MODULES = YES;
				CLANG_ENABLE_OBJC_ARC = YES;
				CLANG_ENABLE_OBJC_WEAK = YES;
				CLANG_WARN_BLOCK_CAPTURE_AUTORELEASING = YES;
				CLANG_WARN_BOOL_CONVERSION = YES;
				CLANG_WARN_COMMA = YES;
				CLANG_WARN_CONSTANT_CONVERSION = YES;
				CLANG_WARN_DEPRECATED_OBJC_IMPLEMENTATIONS = YES;
				CLANG_WARN_DIRECT_OBJC_ISA_USAGE = YES_ERROR;
				CLANG_WARN_DOCUMENTATION_COMMENTS = YES;
				CLANG_WARN_EMPTY_BODY = YES;
				CLANG_WARN_ENUM_CONVERSION = YES;
				CLANG_WARN_INFINITE_RECURSION = YES;
				CLANG_WARN_INT_CONVERSION = YES;
				CLANG_WARN_NON_LITERAL_NULL_CONVERSION = YES;
				CLANG_WARN_OBJC_IMPLICIT_RETAIN_SELF = YES;
				CLANG_WARN_OBJC_LITERAL_CONVERSION = YES;
				CLANG_WARN_OBJC_ROOT_CLASS = YES_ERROR;
				CLANG_WARN_RANGE_LOOP_ANALYSIS = YES;
				CLANG_WARN_STRICT_PROTOTYPES = YES;
				CLANG_WARN_SUSPICIOUS_MOVE = YES;
				CLANG_WARN_UNGUARDED_AVAILABILITY = YES_AGGRESSIVE;
				CLANG_WARN_UNREACHABLE_CODE = YES;
				CLANG_WARN__DUPLICATE_METHOD_MATCH = YES;
				CODE_SIGN_IDENTITY = "iPhone Developer";
				COPY_PHASE_STRIP = NO;
				DEBUG_INFORMATION_FORMAT = "dwarf-with-dsym";
				ENABLE_NS_ASSERTIONS = NO;
				ENABLE_STRICT_OBJC_MSGSEND = YES;
				GCC_C_LANGUAGE_STANDARD = gnu11;
				GCC_NO_COMMON_BLOCKS = YES;
				GCC_WARN_64_TO_32_BIT_CONVERSION = YES;
				GCC_WARN_ABOUT_RETURN_TYPE = YES_ERROR;
				GCC_WARN_UNDECLARED_SELECTOR = YES;
				GCC_WARN_UNINITIALIZED_AUTOS = YES_AGGRESSIVE;
				GCC_WARN_UNUSED_FUNCTION = YES;
				GCC_WARN_UNUSED_VARIABLE = YES;
				IPHONEOS_DEPLOYMENT_TARGET = 12.2;
				MTL_ENABLE_DEBUG_INFO = NO;
				MTL_FAST_MATH = YES;
				SDKROOT = iphoneos;
				SWIFT_COMPILATION_MODE = wholemodule;
				SWIFT_OPTIMIZATION_LEVEL = "-O";
				VALIDATE_PRODUCT = YES;
			};
			name = Release;
		};
		EADB47B922B56E6900907F8F /* Debug */ = {
			isa = XCBuildConfiguration;
			buildSettings = {
				ALWAYS_EMBED_SWIFT_STANDARD_LIBRARIES = YES;
				ASSETCATALOG_COMPILER_APPICON_NAME = AppIcon;
				CODE_SIGN_ENTITLEMENTS = TransitTips/TransitTips.entitlements;
				CODE_SIGN_STYLE = Automatic;
				DEVELOPMENT_TEAM = 5C2RRQX4HS;
				INFOPLIST_FILE = TransitTips/Info.plist;
				IPHONEOS_DEPLOYMENT_TARGET = 12.2;
				LD_RUNPATH_SEARCH_PATHS = (
					"$(inherited)",
					"@executable_path/Frameworks",
				);
				PRODUCT_BUNDLE_IDENTIFIER = com.otium.TransitTips;
				PRODUCT_NAME = "$(TARGET_NAME)";
				SWIFT_VERSION = 5.0;
				TARGETED_DEVICE_FAMILY = "1,2";
			};
			name = Debug;
		};
		EADB47BA22B56E6900907F8F /* Release */ = {
			isa = XCBuildConfiguration;
			buildSettings = {
				ALWAYS_EMBED_SWIFT_STANDARD_LIBRARIES = YES;
				ASSETCATALOG_COMPILER_APPICON_NAME = AppIcon;
				CODE_SIGN_ENTITLEMENTS = TransitTips/TransitTips.entitlements;
				CODE_SIGN_STYLE = Automatic;
				DEVELOPMENT_TEAM = 5C2RRQX4HS;
				INFOPLIST_FILE = TransitTips/Info.plist;
				IPHONEOS_DEPLOYMENT_TARGET = 12.2;
				LD_RUNPATH_SEARCH_PATHS = (
					"$(inherited)",
					"@executable_path/Frameworks",
				);
				PRODUCT_BUNDLE_IDENTIFIER = com.otium.TransitTips;
				PRODUCT_NAME = "$(TARGET_NAME)";
				SWIFT_VERSION = 5.0;
				TARGETED_DEVICE_FAMILY = "1,2";
			};
			name = Release;
		};
		EADB47BC22B56E6900907F8F /* Debug */ = {
			isa = XCBuildConfiguration;
			buildSettings = {
				ALWAYS_EMBED_SWIFT_STANDARD_LIBRARIES = YES;
				BUNDLE_LOADER = "$(TEST_HOST)";
				CODE_SIGN_STYLE = Automatic;
				DEVELOPMENT_TEAM = 5C2RRQX4HS;
				INFOPLIST_FILE = TransitTipsTests/Info.plist;
				LD_RUNPATH_SEARCH_PATHS = (
					"$(inherited)",
					"@executable_path/Frameworks",
					"@loader_path/Frameworks",
				);
				PRODUCT_BUNDLE_IDENTIFIER = com.otium.TransitTipsTests;
				PRODUCT_NAME = "$(TARGET_NAME)";
				SWIFT_VERSION = 5.0;
				TARGETED_DEVICE_FAMILY = "1,2";
				TEST_HOST = "$(BUILT_PRODUCTS_DIR)/TransitTips.app/TransitTips";
			};
			name = Debug;
		};
		EADB47BD22B56E6900907F8F /* Release */ = {
			isa = XCBuildConfiguration;
			buildSettings = {
				ALWAYS_EMBED_SWIFT_STANDARD_LIBRARIES = YES;
				BUNDLE_LOADER = "$(TEST_HOST)";
				CODE_SIGN_STYLE = Automatic;
				DEVELOPMENT_TEAM = 5C2RRQX4HS;
				INFOPLIST_FILE = TransitTipsTests/Info.plist;
				LD_RUNPATH_SEARCH_PATHS = (
					"$(inherited)",
					"@executable_path/Frameworks",
					"@loader_path/Frameworks",
				);
				PRODUCT_BUNDLE_IDENTIFIER = com.otium.TransitTipsTests;
				PRODUCT_NAME = "$(TARGET_NAME)";
				SWIFT_VERSION = 5.0;
				TARGETED_DEVICE_FAMILY = "1,2";
				TEST_HOST = "$(BUILT_PRODUCTS_DIR)/TransitTips.app/TransitTips";
			};
			name = Release;
		};
/* End XCBuildConfiguration section */

/* Begin XCConfigurationList section */
		EA3EA98622D24B14000B9131 /* Build configuration list for PBXNativeTarget "TransitTipsToday" */ = {
			isa = XCConfigurationList;
			buildConfigurations = (
				EA3EA98722D24B14000B9131 /* Debug */,
				EA3EA98822D24B14000B9131 /* Release */,
			);
			defaultConfigurationIsVisible = 0;
			defaultConfigurationName = Release;
		};
		EADB479622B56E6700907F8F /* Build configuration list for PBXProject "TransitTips" */ = {
			isa = XCConfigurationList;
			buildConfigurations = (
				EADB47B622B56E6900907F8F /* Debug */,
				EADB47B722B56E6900907F8F /* Release */,
			);
			defaultConfigurationIsVisible = 0;
			defaultConfigurationName = Release;
		};
		EADB47B822B56E6900907F8F /* Build configuration list for PBXNativeTarget "TransitTips" */ = {
			isa = XCConfigurationList;
			buildConfigurations = (
				EADB47B922B56E6900907F8F /* Debug */,
				EADB47BA22B56E6900907F8F /* Release */,
			);
			defaultConfigurationIsVisible = 0;
			defaultConfigurationName = Release;
		};
		EADB47BB22B56E6900907F8F /* Build configuration list for PBXNativeTarget "TransitTipsTests" */ = {
			isa = XCConfigurationList;
			buildConfigurations = (
				EADB47BC22B56E6900907F8F /* Debug */,
				EADB47BD22B56E6900907F8F /* Release */,
			);
			defaultConfigurationIsVisible = 0;
			defaultConfigurationName = Release;
		};
/* End XCConfigurationList section */
	};
	rootObject = EADB479322B56E6700907F8F /* Project object */;
}
